
Microsoft Visual Studio Solution File, Format Version 12.00
# Visual Studio Version 17
VisualStudioVersion = 17.3.32819.101
MinimumVisualStudioVersion = 10.0.40219.1
Project("{FAE04EC0-301F-11D3-BF4B-00C04F79EFBC}") = "TP1", "TP1\TP1.csproj", "{DE275FC0-1C05-48E7-B761-299EA061DBB3}"
EndProject
Global
	GlobalSection(SolutionConfigurationPlatforms) = preSolution
		Debug|Any CPU = Debug|Any CPU
		Release|Any CPU = Release|Any CPU
	EndGlobalSection
	GlobalSection(ProjectConfigurationPlatforms) = postSolution
		{DE275FC0-1C05-48E7-B761-299EA061DBB3}.Debug|Any CPU.ActiveCfg = Debug|Any CPU
		{DE275FC0-1C05-48E7-B761-299EA061DBB3}.Debug|Any CPU.Build.0 = Debug|Any CPU
		{DE275FC0-1C05-48E7-B761-299EA061DBB3}.Release|Any CPU.ActiveCfg = Release|Any CPU
		{DE275FC0-1C05-48E7-B761-299EA061DBB3}.Release|Any CPU.Build.0 = Release|Any CPU
	EndGlobalSection
	GlobalSection(SolutionProperties) = preSolution
		HideSolutionNode = FALSE
	EndGlobalSection
	GlobalSection(ExtensibilityGlobals) = postSolution
		SolutionGuid = {FF38FDE7-89EA-468E-8252-4194EB36D7BF}
	EndGlobalSection
EndGlobal
